
Microsoft Visual Studio Solution File, Format Version 12.00
# Visual Studio Version 17
VisualStudioVersion = 17.4.33122.133
MinimumVisualStudioVersion = 10.0.40219.1
Project("{9A19103F-16F7-4668-BE54-9A1E7A4F7556}") = "SwaggerBasicAuthenticationLab", "SwaggerBasicAuthenticationLab\SwaggerBasicAuthenticationLab.csproj", "{50AEB8A5-833E-4A16-8BAD-9D1A965EC1B2}"
EndProject
Project("{FAE04EC0-301F-11D3-BF4B-00C04F79EFBC}") = "SwaggerBasicAuthenticationLab.ConsoleApp", "SwaggerBasicAuthenticationLab.ConsoleApp\SwaggerBasicAuthenticationLab.ConsoleApp.csproj", "{06434F9E-30D3-4A9D-99D4-D1AA1C606B78}"
EndProject
Global
	GlobalSection(SolutionConfigurationPlatforms) = preSolution
		Debug|Any CPU = Debug|Any CPU
		Release|Any CPU = Release|Any CPU
	EndGlobalSection
	GlobalSection(ProjectConfigurationPlatforms) = postSolution
		{50AEB8A5-833E-4A16-8BAD-9D1A965EC1B2}.Debug|Any CPU.ActiveCfg = Debug|Any CPU
		{50AEB8A5-833E-4A16-8BAD-9D1A965EC1B2}.Debug|Any CPU.Build.0 = Debug|Any CPU
		{50AEB8A5-833E-4A16-8BAD-9D1A965EC1B2}.Release|Any CPU.ActiveCfg = Release|Any CPU
		{50AEB8A5-833E-4A16-8BAD-9D1A965EC1B2}.Release|Any CPU.Build.0 = Release|Any CPU
		{06434F9E-30D3-4A9D-99D4-D1AA1C606B78}.Debug|Any CPU.ActiveCfg = Debug|Any CPU
		{06434F9E-30D3-4A9D-99D4-D1AA1C606B78}.Debug|Any CPU.Build.0 = Debug|Any CPU
		{06434F9E-30D3-4A9D-99D4-D1AA1C606B78}.Release|Any CPU.ActiveCfg = Release|Any CPU
		{06434F9E-30D3-4A9D-99D4-D1AA1C606B78}.Release|Any CPU.Build.0 = Release|Any CPU
	EndGlobalSection
	GlobalSection(SolutionProperties) = preSolution
		HideSolutionNode = FALSE
	EndGlobalSection
	GlobalSection(ExtensibilityGlobals) = postSolution
		SolutionGuid = {4A171824-3B9E-452B-AA3E-C4525886713F}
	EndGlobalSection
EndGlobal
